
Microsoft Visual Studio Solution File, Format Version 12.00
# Visual Studio Version 17
VisualStudioVersion = 17.8.0.0
MinimumVisualStudioVersion = 17.8.0.0
Project("{9A19103F-16F7-4668-BE54-9A1E7A4F7556}") = "MercuryPay.AppHost", "MercuryPay.AppHost\MercuryPay.AppHost.csproj", "{B62B69FD-FDE0-4124-A318-0380C30B4041}"
EndProject
Project("{9A19103F-16F7-4668-BE54-9A1E7A4F7556}") = "MercuryPay.ServiceDefaults", "MercuryPay.ServiceDefaults\MercuryPay.ServiceDefaults.csproj", "{23223A94-54B6-471A-BAFC-895986D696C4}"
EndProject
Project("{9A19103F-16F7-4668-BE54-9A1E7A4F7556}") = "MercuryPay.PaymentService", "MercuryPay.PaymentService\MercuryPay.PaymentService.csproj", "{B828CFED-7728-4DFE-85C3-93497ED9749E}"
EndProject
Project("{9A19103F-16F7-4668-BE54-9A1E7A4F7556}") = "MercuryPay.Web", "MercuryPay.Web\MercuryPay.Web.csproj", "{DCD6860A-B940-4C46-A3F4-A7DD00FC9591}"
EndProject
Project("{FAE04EC0-301F-11D3-BF4B-00C04F79EFBC}") = "MercuryPay.WalletService", "MercuryPay.WalletService\MercuryPay.WalletService.csproj", "{5F5F3A5F-54CA-4315-8F97-C119F2AF9C06}"
EndProject
Project("{FAE04EC0-301F-11D3-BF4B-00C04F79EFBC}") = "MercuryPay.LendingService", "MercuryPay.LendingService\MercuryPay.LendingService.csproj", "{3403051C-CC63-41F1-92BE-0FB28F62F754}"
EndProject
Project("{FAE04EC0-301F-11D3-BF4B-00C04F79EFBC}") = "MercuryPay.RiskService", "MercuryPay.RiskService\MercuryPay.RiskService.csproj", "{AB6DC476-663A-4531-8EC7-B5E06A7B003F}"
EndProject
Project("{FAE04EC0-301F-11D3-BF4B-00C04F79EFBC}") = "MercuryPay.PaymentService.Tests", "MercuryPay.PaymentService.Tests\MercuryPay.PaymentService.Tests.csproj", "{EF0D19E5-3F45-4B33-8D86-2008A86F6976}"
EndProject
Global
	GlobalSection(SolutionConfigurationPlatforms) = preSolution
		Debug|Any CPU = Debug|Any CPU
		Debug|x64 = Debug|x64
		Debug|x86 = Debug|x86
		Release|Any CPU = Release|Any CPU
		Release|x64 = Release|x64
		Release|x86 = Release|x86
	EndGlobalSection
	GlobalSection(ProjectConfigurationPlatforms) = postSolution
		{B62B69FD-FDE0-4124-A318-0380C30B4041}.Debug|Any CPU.ActiveCfg = Debug|Any CPU
		{B62B69FD-FDE0-4124-A318-0380C30B4041}.Debug|Any CPU.Build.0 = Debug|Any CPU
		{B62B69FD-FDE0-4124-A318-0380C30B4041}.Debug|x64.ActiveCfg = Debug|Any CPU
		{B62B69FD-FDE0-4124-A318-0380C30B4041}.Debug|x64.Build.0 = Debug|Any CPU
		{B62B69FD-FDE0-4124-A318-0380C30B4041}.Debug|x86.ActiveCfg = Debug|Any CPU
		{B62B69FD-FDE0-4124-A318-0380C30B4041}.Debug|x86.Build.0 = Debug|Any CPU
		{B62B69FD-FDE0-4124-A318-0380C30B4041}.Release|Any CPU.ActiveCfg = Release|Any CPU
		{B62B69FD-FDE0-4124-A318-0380C30B4041}.Release|Any CPU.Build.0 = Release|Any CPU
		{B62B69FD-FDE0-4124-A318-0380C30B4041}.Release|x64.ActiveCfg = Release|Any CPU
		{B62B69FD-FDE0-4124-A318-0380C30B4041}.Release|x64.Build.0 = Release|Any CPU
		{B62B69FD-FDE0-4124-A318-0380C30B4041}.Release|x86.ActiveCfg = Release|Any CPU
		{B62B69FD-FDE0-4124-A318-0380C30B4041}.Release|x86.Build.0 = Release|Any CPU
		{23223A94-54B6-471A-BAFC-895986D696C4}.Debug|Any CPU.ActiveCfg = Debug|Any CPU
		{23223A94-54B6-471A-BAFC-895986D696C4}.Debug|Any CPU.Build.0 = Debug|Any CPU
		{23223A94-54B6-471A-BAFC-895986D696C4}.Debug|x64.ActiveCfg = Debug|Any CPU
		{23223A94-54B6-471A-BAFC-895986D696C4}.Debug|x64.Build.0 = Debug|Any CPU
		{23223A94-54B6-471A-BAFC-895986D696C4}.Debug|x86.ActiveCfg = Debug|Any CPU
		{23223A94-54B6-471A-BAFC-895986D696C4}.Debug|x86.Build.0 = Debug|Any CPU
		{23223A94-54B6-471A-BAFC-895986D696C4}.Release|Any CPU.ActiveCfg = Release|Any CPU
		{23223A94-54B6-471A-BAFC-895986D696C4}.Release|Any CPU.Build.0 = Release|Any CPU
		{23223A94-54B6-471A-BAFC-895986D696C4}.Release|x64.ActiveCfg = Release|Any CPU
		{23223A94-54B6-471A-BAFC-895986D696C4}.Release|x64.Build.0 = Release|Any CPU
		{23223A94-54B6-471A-BAFC-895986D696C4}.Release|x86.ActiveCfg = Release|Any CPU
		{23223A94-54B6-471A-BAFC-895986D696C4}.Release|x86.Build.0 = Release|Any CPU
		{B828CFED-7728-4DFE-85C3-93497ED9749E}.Debug|Any CPU.ActiveCfg = Debug|Any CPU
		{B828CFED-7728-4DFE-85C3-93497ED9749E}.Debug|Any CPU.Build.0 = Debug|Any CPU
		{B828CFED-7728-4DFE-85C3-93497ED9749E}.Debug|x64.ActiveCfg = Debug|Any CPU
		{B828CFED-7728-4DFE-85C3-93497ED9749E}.Debug|x64.Build.0 = Debug|Any CPU
		{B828CFED-7728-4DFE-85C3-93497ED9749E}.Debug|x86.ActiveCfg = Debug|Any CPU
		{B828CFED-7728-4DFE-85C3-93497ED9749E}.Debug|x86.Build.0 = Debug|Any CPU
		{B828CFED-7728-4DFE-85C3-93497ED9749E}.Release|Any CPU.ActiveCfg = Release|Any CPU
		{B828CFED-7728-4DFE-85C3-93497ED9749E}.Release|Any CPU.Build.0 = Release|Any CPU
		{B828CFED-7728-4DFE-85C3-93497ED9749E}.Release|x64.ActiveCfg = Release|Any CPU
		{B828CFED-7728-4DFE-85C3-93497ED9749E}.Release|x64.Build.0 = Release|Any CPU
		{B828CFED-7728-4DFE-85C3-93497ED9749E}.Release|x86.ActiveCfg = Release|Any CPU
		{B828CFED-7728-4DFE-85C3-93497ED9749E}.Release|x86.Build.0 = Release|Any CPU
		{DCD6860A-B940-4C46-A3F4-A7DD00FC9591}.Debug|Any CPU.ActiveCfg = Debug|Any CPU
		{DCD6860A-B940-4C46-A3F4-A7DD00FC9591}.Debug|Any CPU.Build.0 = Debug|Any CPU
		{DCD6860A-B940-4C46-A3F4-A7DD00FC9591}.Debug|x64.ActiveCfg = Debug|Any CPU
		{DCD6860A-B940-4C46-A3F4-A7DD00FC9591}.Debug|x64.Build.0 = Debug|Any CPU
		{DCD6860A-B940-4C46-A3F4-A7DD00FC9591}.Debug|x86.ActiveCfg = Debug|Any CPU
		{DCD6860A-B940-4C46-A3F4-A7DD00FC9591}.Debug|x86.Build.0 = Debug|Any CPU
		{DCD6860A-B940-4C46-A3F4-A7DD00FC9591}.Release|Any CPU.ActiveCfg = Release|Any CPU
		{DCD6860A-B940-4C46-A3F4-A7DD00FC9591}.Release|Any CPU.Build.0 = Release|Any CPU
		{DCD6860A-B940-4C46-A3F4-A7DD00FC9591}.Release|x64.ActiveCfg = Release|Any CPU
		{DCD6860A-B940-4C46-A3F4-A7DD00FC9591}.Release|x64.Build.0 = Release|Any CPU
		{DCD6860A-B940-4C46-A3F4-A7DD00FC9591}.Release|x86.ActiveCfg = Release|Any CPU
		{DCD6860A-B940-4C46-A3F4-A7DD00FC9591}.Release|x86.Build.0 = Release|Any CPU
		{5F5F3A5F-54CA-4315-8F97-C119F2AF9C06}.Debug|Any CPU.ActiveCfg = Debug|Any CPU
		{5F5F3A5F-54CA-4315-8F97-C119F2AF9C06}.Debug|Any CPU.Build.0 = Debug|Any CPU
		{5F5F3A5F-54CA-4315-8F97-C119F2AF9C06}.Debug|x64.ActiveCfg = Debug|Any CPU
		{5F5F3A5F-54CA-4315-8F97-C119F2AF9C06}.Debug|x64.Build.0 = Debug|Any CPU
		{5F5F3A5F-54CA-4315-8F97-C119F2AF9C06}.Debug|x86.ActiveCfg = Debug|Any CPU
		{5F5F3A5F-54CA-4315-8F97-C119F2AF9C06}.Debug|x86.Build.0 = Debug|Any CPU
		{5F5F3A5F-54CA-4315-8F97-C119F2AF9C06}.Release|Any CPU.ActiveCfg = Release|Any CPU
		{5F5F3A5F-54CA-4315-8F97-C119F2AF9C06}.Release|Any CPU.Build.0 = Release|Any CPU
		{5F5F3A5F-54CA-4315-8F97-C119F2AF9C06}.Release|x64.ActiveCfg = Release|Any CPU
		{5F5F3A5F-54CA-4315-8F97-C119F2AF9C06}.Release|x64.Build.0 = Release|Any CPU
		{5F5F3A5F-54CA-4315-8F97-C119F2AF9C06}.Release|x86.ActiveCfg = Release|Any CPU
		{5F5F3A5F-54CA-4315-8F97-C119F2AF9C06}.Release|x86.Build.0 = Release|Any CPU
		{3403051C-CC63-41F1-92BE-0FB28F62F754}.Debug|Any CPU.ActiveCfg = Debug|Any CPU
		{3403051C-CC63-41F1-92BE-0FB28F62F754}.Debug|Any CPU.Build.0 = Debug|Any CPU
		{3403051C-CC63-41F1-92BE-0FB28F62F754}.Debug|x64.ActiveCfg = Debug|Any CPU
		{3403051C-CC63-41F1-92BE-0FB28F62F754}.Debug|x64.Build.0 = Debug|Any CPU
		{3403051C-CC63-41F1-92BE-0FB28F62F754}.Debug|x86.ActiveCfg = Debug|Any CPU
		{3403051C-CC63-41F1-92BE-0FB28F62F754}.Debug|x86.Build.0 = Debug|Any CPU
		{3403051C-CC63-41F1-92BE-0FB28F62F754}.Release|Any CPU.ActiveCfg = Release|Any CPU
		{3403051C-CC63-41F1-92BE-0FB28F62F754}.Release|Any CPU.Build.0 = Release|Any CPU
		{3403051C-CC63-41F1-92BE-0FB28F62F754}.Release|x64.ActiveCfg = Release|Any CPU
		{3403051C-CC63-41F1-92BE-0FB28F62F754}.Release|x64.Build.0 = Release|Any CPU
		{3403051C-CC63-41F1-92BE-0FB28F62F754}.Release|x86.ActiveCfg = Release|Any CPU
		{3403051C-CC63-41F1-92BE-0FB28F62F754}.Release|x86.Build.0 = Release|Any CPU
		{AB6DC476-663A-4531-8EC7-B5E06A7B003F}.Debug|Any CPU.ActiveCfg = Debug|Any CPU
		{AB6DC476-663A-4531-8EC7-B5E06A7B003F}.Debug|Any CPU.Build.0 = Debug|Any CPU
		{AB6DC476-663A-4531-8EC7-B5E06A7B003F}.Debug|x64.ActiveCfg = Debug|Any CPU
		{AB6DC476-663A-4531-8EC7-B5E06A7B003F}.Debug|x64.Build.0 = Debug|Any CPU
		{AB6DC476-663A-4531-8EC7-B5E06A7B003F}.Debug|x86.ActiveCfg = Debug|Any CPU
		{AB6DC476-663A-4531-8EC7-B5E06A7B003F}.Debug|x86.Build.0 = Debug|Any CPU
		{AB6DC476-663A-4531-8EC7-B5E06A7B003F}.Release|Any CPU.ActiveCfg = Release|Any CPU
		{AB6DC476-663A-4531-8EC7-B5E06A7B003F}.Release|Any CPU.Build.0 = Release|Any CPU
		{AB6DC476-663A-4531-8EC7-B5E06A7B003F}.Release|x64.ActiveCfg = Release|Any CPU
		{AB6DC476-663A-4531-8EC7-B5E06A7B003F}.Release|x64.Build.0 = Release|Any CPU
		{AB6DC476-663A-4531-8EC7-B5E06A7B003F}.Release|x86.ActiveCfg = Release|Any CPU
		{AB6DC476-663A-4531-8EC7-B5E06A7B003F}.Release|x86.Build.0 = Release|Any CPU
		{EF0D19E5-3F45-4B33-8D86-2008A86F6976}.Debug|Any CPU.ActiveCfg = Debug|Any CPU
		{EF0D19E5-3F45-4B33-8D86-2008A86F6976}.Debug|Any CPU.Build.0 = Debug|Any CPU
		{EF0D19E5-3F45-4B33-8D86-2008A86F6976}.Debug|x64.ActiveCfg = Debug|Any CPU
		{EF0D19E5-3F45-4B33-8D86-2008A86F6976}.Debug|x64.Build.0 = Debug|Any CPU
		{EF0D19E5-3F45-4B33-8D86-2008A86F6976}.Debug|x86.ActiveCfg = Debug|Any CPU
		{EF0D19E5-3F45-4B33-8D86-2008A86F6976}.Debug|x86.Build.0 = Debug|Any CPU
		{EF0D19E5-3F45-4B33-8D86-2008A86F6976}.Release|Any CPU.ActiveCfg = Release|Any CPU
		{EF0D19E5-3F45-4B33-8D86-2008A86F6976}.Release|Any CPU.Build.0 = Release|Any CPU
		{EF0D19E5-3F45-4B33-8D86-2008A86F6976}.Release|x64.ActiveCfg = Release|Any CPU
		{EF0D19E5-3F45-4B33-8D86-2008A86F6976}.Release|x64.Build.0 = Release|Any CPU
		{EF0D19E5-3F45-4B33-8D86-2008A86F6976}.Release|x86.ActiveCfg = Release|Any CPU
		{EF0D19E5-3F45-4B33-8D86-2008A86F6976}.Release|x86.Build.0 = Release|Any CPU
	EndGlobalSection
	GlobalSection(SolutionProperties) = preSolution
		HideSolutionNode = FALSE
	EndGlobalSection
	GlobalSection(ExtensibilityGlobals) = postSolution
		SolutionGuid = {61107BC7-09C0-4563-8C4C-6B130A5C566E}
	EndGlobalSection
EndGlobal
